
Microsoft Visual Studio Solution File, Format Version 12.00
# Visual Studio Version 17
VisualStudioVersion = 17.4.33213.308
MinimumVisualStudioVersion = 10.0.40219.1
Project("{FAE04EC0-301F-11D3-BF4B-00C04F79EFBC}") = "treugolnik_mdk0402", "treugolnik_mdk0402\treugolnik_mdk0402.csproj", "{1A125F3E-DB91-46E9-A40E-EF8453EDCEA5}"
EndProject
Global
	GlobalSection(SolutionConfigurationPlatforms) = preSolution
		Debug|Any CPU = Debug|Any CPU
		Release|Any CPU = Release|Any CPU
	EndGlobalSection
	GlobalSection(ProjectConfigurationPlatforms) = postSolution
		{1A125F3E-DB91-46E9-A40E-EF8453EDCEA5}.Debug|Any CPU.ActiveCfg = Debug|Any CPU
		{1A125F3E-DB91-46E9-A40E-EF8453EDCEA5}.Debug|Any CPU.Build.0 = Debug|Any CPU
		{1A125F3E-DB91-46E9-A40E-EF8453EDCEA5}.Release|Any CPU.ActiveCfg = Release|Any CPU
		{1A125F3E-DB91-46E9-A40E-EF8453EDCEA5}.Release|Any CPU.Build.0 = Release|Any CPU
	EndGlobalSection
	GlobalSection(SolutionProperties) = preSolution
		HideSolutionNode = FALSE
	EndGlobalSection
	GlobalSection(ExtensibilityGlobals) = postSolution
		SolutionGuid = {63782CCA-7471-46A6-9688-56B404DB6896}
	EndGlobalSection
EndGlobal
